
Microsoft Visual Studio Solution File, Format Version 12.00
# Visual Studio Version 17
VisualStudioVersion = 17.9.34902.65
MinimumVisualStudioVersion = 10.0.40219.1
Project("{FAE04EC0-301F-11D3-BF4B-00C04F79EFBC}") = "FullCourse", "FullCourse\FullCourse.csproj", "{9D0D3F16-5246-44FE-8A0E-9789FA9EBA55}"
EndProject
Global
	GlobalSection(SolutionConfigurationPlatforms) = preSolution
		Debug|Any CPU = Debug|Any CPU
		Release|Any CPU = Release|Any CPU
	EndGlobalSection
	GlobalSection(ProjectConfigurationPlatforms) = postSolution
		{9D0D3F16-5246-44FE-8A0E-9789FA9EBA55}.Debug|Any CPU.ActiveCfg = Debug|Any CPU
		{9D0D3F16-5246-44FE-8A0E-9789FA9EBA55}.Debug|Any CPU.Build.0 = Debug|Any CPU
		{9D0D3F16-5246-44FE-8A0E-9789FA9EBA55}.Release|Any CPU.ActiveCfg = Release|Any CPU
		{9D0D3F16-5246-44FE-8A0E-9789FA9EBA55}.Release|Any CPU.Build.0 = Release|Any CPU
	EndGlobalSection
	GlobalSection(SolutionProperties) = preSolution
		HideSolutionNode = FALSE
	EndGlobalSection
	GlobalSection(ExtensibilityGlobals) = postSolution
		SolutionGuid = {83C5386A-B8C5-43A4-B075-375C0AF265CE}
	EndGlobalSection
EndGlobal
